
Microsoft Visual Studio Solution File, Format Version 12.00
# Visual Studio Version 16
VisualStudioVersion = 16.0.32106.194
MinimumVisualStudioVersion = 10.0.40219.1
Project("{FAE04EC0-301F-11D3-BF4B-00C04F79EFBC}") = "Loops", "Loops\Loops.csproj", "{2EAA248A-9A18-4D94-84C9-BE4A965C9257}"
EndProject
Global
	GlobalSection(SolutionConfigurationPlatforms) = preSolution
		Debug|Any CPU = Debug|Any CPU
		Release|Any CPU = Release|Any CPU
	EndGlobalSection
	GlobalSection(ProjectConfigurationPlatforms) = postSolution
		{2EAA248A-9A18-4D94-84C9-BE4A965C9257}.Debug|Any CPU.ActiveCfg = Debug|Any CPU
		{2EAA248A-9A18-4D94-84C9-BE4A965C9257}.Debug|Any CPU.Build.0 = Debug|Any CPU
		{2EAA248A-9A18-4D94-84C9-BE4A965C9257}.Release|Any CPU.ActiveCfg = Release|Any CPU
		{2EAA248A-9A18-4D94-84C9-BE4A965C9257}.Release|Any CPU.Build.0 = Release|Any CPU
	EndGlobalSection
	GlobalSection(SolutionProperties) = preSolution
		HideSolutionNode = FALSE
	EndGlobalSection
	GlobalSection(ExtensibilityGlobals) = postSolution
		SolutionGuid = {B10F338F-3BD7-45A1-BFC1-B3A5D5A5B518}
	EndGlobalSection
EndGlobal
